
Microsoft Visual Studio Solution File, Format Version 12.00
# Visual Studio 14
VisualStudioVersion = 14.0.25420.1
MinimumVisualStudioVersion = 10.0.40219.1
Project("{2150E333-8FDC-42A3-9474-1A3956D46DE8}") = "src", "src", "{D207C1D8-B5D7-47C4-B947-C11982E9EBAA}"
EndProject
Project("{2150E333-8FDC-42A3-9474-1A3956D46DE8}") = "Solution Items", "Solution Items", "{F5EA5EDB-783F-460A-9DC8-822ACE50412E}"
	ProjectSection(SolutionItems) = preProject
		global.json = global.json
	EndProjectSection
EndProject
Project("{8BB2217D-0F2D-49D1-97BC-3654ED321F3B}") = "ASPNetCoreLearn", "src\ASPNetCoreLearn\ASPNetCoreLearn.xproj", "{65E25D63-DE7A-4223-882A-F0FE704C0239}"
EndProject
Global
	GlobalSection(SolutionConfigurationPlatforms) = preSolution
		Debug|Any CPU = Debug|Any CPU
		Release|Any CPU = Release|Any CPU
	EndGlobalSection
	GlobalSection(ProjectConfigurationPlatforms) = postSolution
		{65E25D63-DE7A-4223-882A-F0FE704C0239}.Debug|Any CPU.ActiveCfg = Debug|Any CPU
		{65E25D63-DE7A-4223-882A-F0FE704C0239}.Debug|Any CPU.Build.0 = Debug|Any CPU
		{65E25D63-DE7A-4223-882A-F0FE704C0239}.Release|Any CPU.ActiveCfg = Release|Any CPU
		{65E25D63-DE7A-4223-882A-F0FE704C0239}.Release|Any CPU.Build.0 = Release|Any CPU
	EndGlobalSection
	GlobalSection(SolutionProperties) = preSolution
		HideSolutionNode = FALSE
	EndGlobalSection
	GlobalSection(NestedProjects) = preSolution
		{65E25D63-DE7A-4223-882A-F0FE704C0239} = {D207C1D8-B5D7-47C4-B947-C11982E9EBAA}
	EndGlobalSection
EndGlobal
